
Microsoft Visual Studio Solution File, Format Version 11.00
# Visual Studio 2010
Project("{FAE04EC0-301F-11D3-BF4B-00C04F79EFBC}") = "RESTSilverlightContactEditor", "RESTSilverlightContactEditor\RESTSilverlightContactEditor.csproj", "{B6AF822E-78C3-4C69-96C1-FA26A448C8FB}"
EndProject
Project("{FAE04EC0-301F-11D3-BF4B-00C04F79EFBC}") = "RESTSilverlightContactEditor.Web", "RESTSilverlightContactEditor.Web\RESTSilverlightContactEditor.Web.csproj", "{48CAC857-3784-442E-A265-A36E20275B0F}"
EndProject
Global
	GlobalSection(SolutionConfigurationPlatforms) = preSolution
		Debug|Any CPU = Debug|Any CPU
		Release|Any CPU = Release|Any CPU
	EndGlobalSection
	GlobalSection(ProjectConfigurationPlatforms) = postSolution
		{B6AF822E-78C3-4C69-96C1-FA26A448C8FB}.Debug|Any CPU.ActiveCfg = Debug|Any CPU
		{B6AF822E-78C3-4C69-96C1-FA26A448C8FB}.Debug|Any CPU.Build.0 = Debug|Any CPU
		{B6AF822E-78C3-4C69-96C1-FA26A448C8FB}.Release|Any CPU.ActiveCfg = Release|Any CPU
		{B6AF822E-78C3-4C69-96C1-FA26A448C8FB}.Release|Any CPU.Build.0 = Release|Any CPU
		{48CAC857-3784-442E-A265-A36E20275B0F}.Debug|Any CPU.ActiveCfg = Debug|Any CPU
		{48CAC857-3784-442E-A265-A36E20275B0F}.Debug|Any CPU.Build.0 = Debug|Any CPU
		{48CAC857-3784-442E-A265-A36E20275B0F}.Release|Any CPU.ActiveCfg = Release|Any CPU
		{48CAC857-3784-442E-A265-A36E20275B0F}.Release|Any CPU.Build.0 = Release|Any CPU
	EndGlobalSection
	GlobalSection(SolutionProperties) = preSolution
		HideSolutionNode = FALSE
	EndGlobalSection
EndGlobal
