
Microsoft Visual Studio Solution File, Format Version 11.00
# Visual Studio 2010
Project("{FAE04EC0-301F-11D3-BF4B-00C04F79EFBC}") = "RESTRetrieveMultipleSilverlight", "RESTRetrieveMultipleSilverlight.csproj", "{FFCF71CF-11AD-4D34-96E7-4CD4B8B70CF5}"
EndProject
Project("{FAE04EC0-301F-11D3-BF4B-00C04F79EFBC}") = "RESTRetrieveMultipleSilverlight.Web", "..\RESTRetrieveMultipleSilverlight.Web\RESTRetrieveMultipleSilverlight.Web.csproj", "{318D36AC-5B86-4A55-B4C4-502676E426C7}"
EndProject
Global
	GlobalSection(SolutionConfigurationPlatforms) = preSolution
		Debug|Any CPU = Debug|Any CPU
		Release|Any CPU = Release|Any CPU
	EndGlobalSection
	GlobalSection(ProjectConfigurationPlatforms) = postSolution
		{FFCF71CF-11AD-4D34-96E7-4CD4B8B70CF5}.Debug|Any CPU.ActiveCfg = Debug|Any CPU
		{FFCF71CF-11AD-4D34-96E7-4CD4B8B70CF5}.Debug|Any CPU.Build.0 = Debug|Any CPU
		{FFCF71CF-11AD-4D34-96E7-4CD4B8B70CF5}.Release|Any CPU.ActiveCfg = Release|Any CPU
		{FFCF71CF-11AD-4D34-96E7-4CD4B8B70CF5}.Release|Any CPU.Build.0 = Release|Any CPU
		{318D36AC-5B86-4A55-B4C4-502676E426C7}.Debug|Any CPU.ActiveCfg = Debug|Any CPU
		{318D36AC-5B86-4A55-B4C4-502676E426C7}.Debug|Any CPU.Build.0 = Debug|Any CPU
		{318D36AC-5B86-4A55-B4C4-502676E426C7}.Release|Any CPU.ActiveCfg = Release|Any CPU
		{318D36AC-5B86-4A55-B4C4-502676E426C7}.Release|Any CPU.Build.0 = Release|Any CPU
	EndGlobalSection
	GlobalSection(SolutionProperties) = preSolution
		HideSolutionNode = FALSE
	EndGlobalSection
EndGlobal
